# -------------------------------------------------------------------------- #
#
# Copyright (C) 1991-2015 Altera Corporation. All rights reserved.
# Your use of Altera Corporation's design tools, logic functions 
# and other software and tools, and its AMPP partner logic 
# functions, and any output files from any of the foregoing 
# (including device programming or simulation files), and any 
# associated documentation or information are expressly subject 
# to the terms and conditions of the Altera Program License 
# Subscription Agreement, the Altera Quartus Prime License Agreement,
# the Altera MegaCore Function License Agreement, or other 
# applicable license agreement, including, without limitation, 
# that your use is for the sole purpose of programming logic 
# devices manufactured by Altera and sold by Altera or its 
# authorized distributors.  Please refer to the applicable 
# agreement for further details.
#
# -------------------------------------------------------------------------- #
#
# Quartus Prime
# Version 15.1.0 Build 185 10/21/2015 SJ Lite Edition
# Date created = 14:43:15  May 29, 2020
#
# -------------------------------------------------------------------------- #
#
# Notes:
#
# 1) The default values for assignments are stored in the file:
#		Digital_Circuit_Lab_2_assignment_defaults.qdf
#    If this file doesn't exist, see file:
#		assignment_defaults.qdf
#
# 2) Altera recommends that you do not modify this file. This
#    file is updated automatically by the Quartus Prime software
#    and any changes you make may be lost or overwritten.
#
# -------------------------------------------------------------------------- #


set_global_assignment -name FAMILY "Cyclone IV E"
set_global_assignment -name DEVICE EP4CE115F29C7
set_global_assignment -name TOP_LEVEL_ENTITY top
set_global_assignment -name ORIGINAL_QUARTUS_VERSION 15.1.0
set_global_assignment -name PROJECT_CREATION_TIME_DATE "14:43:15  MAY 29, 2020"
set_global_assignment -name LAST_QUARTUS_VERSION 15.1.0
set_global_assignment -name PROJECT_OUTPUT_DIRECTORY output_files
set_global_assignment -name MIN_CORE_JUNCTION_TEMP 0
set_global_assignment -name MAX_CORE_JUNCTION_TEMP 85
set_global_assignment -name ERROR_CHECK_FREQUENCY_DIVISOR 2
set_global_assignment -name EDA_SIMULATION_TOOL "ModelSim-Altera (Verilog)"
set_global_assignment -name EDA_OUTPUT_DATA_FORMAT "VERILOG HDL" -section_id eda_simulation
set_global_assignment -name POWER_PRESET_COOLING_SOLUTION "23 MM HEAT SINK WITH 200 LFPM AIRFLOW"
set_global_assignment -name POWER_BOARD_THERMAL_MODEL "NONE (CONSERVATIVE)"
set_global_assignment -name BDF_FILE Source/Transmitter/transmitter.bdf
set_global_assignment -name VECTOR_WAVEFORM_FILE Source/Transmitter/transmitter_tb.vwf
set_global_assignment -name BDF_FILE Source/Transmitter/posedge_detector/posedge_detector.bdf
set_global_assignment -name MIF_FILE Source/Essential/Morse_ROM/Morse_ROM.mif
set_global_assignment -name BDF_FILE Source/Essential/Adder/addn_sub/addn_sub_8bit.bdf
set_global_assignment -name BDF_FILE Source/Decipher/bcd_to_binary_1000/bcd_to_binary_1000.bdf
set_global_assignment -name BDF_FILE Source/Receiver/ttl7448/ttl7448.bdf
set_global_assignment -name BDF_FILE Source/Essential/Primitive/or_4in.bdf
set_global_assignment -name BDF_FILE Source/Receiver/morse_decoder_5_by_4/morse_decoder_5_by_4_en.bdf
set_global_assignment -name BDF_FILE Source/Receiver/ttl74673/ttl74673.bdf
set_global_assignment -name BDF_FILE Source/Essential/ttl74674/ttl74674.bdf
set_global_assignment -name BDF_FILE Source/Essential/Counter/counter_15.bdf
set_global_assignment -name BDF_FILE Source/Essential/Morse_ROM/Morse_ROM.bdf
set_global_assignment -name BDF_FILE Source/Essential/Adder/rca/rca_6bit.bdf
set_global_assignment -name BDF_FILE Source/Essential/Multiplier/mul_8_by_8/mul_8_by_8.bdf
set_global_assignment -name BDF_FILE Source/Essential/Multiplier/mul_4_by_4/mul_4_by_4.bdf
set_global_assignment -name BDF_FILE Source/Essential/Multiplier/mul_2_by_2/mul_2_by_2.bdf
set_global_assignment -name BDF_FILE Source/Transmitter/ttl74147/ttl74147.bdf
set_global_assignment -name BDF_FILE Source/Essential/Primitive/nand_4in.bdf
set_global_assignment -name BDF_FILE Source/Essential/Primitive/nand_3in.bdf
set_global_assignment -name BDF_FILE Source/Essential/Primitive/or_3in.bdf
set_global_assignment -name BDF_FILE Source/Essential/Adder/rca/rca_12bit.bdf
set_global_assignment -name BDF_FILE Source/Essential/Adder/rca/rca_8bit.bdf
set_global_assignment -name BDF_FILE Source/Essential/Adder/rca/rca_4bit.bdf
set_global_assignment -name BDF_FILE Source/Essential/Adder/half_adder/half_adder.bdf
set_global_assignment -name BDF_FILE Source/Essential/Adder/full_adder/full_adder.bdf
set_global_assignment -name BDF_FILE Source/Essential/Adder/addn_sub/addn_sub_16bit.bdf
set_global_assignment -name BDF_FILE Source/Transmitter/binary_to_bcd_converter/binary_to_bcd_converter_16bits.bdf
set_global_assignment -name BDF_FILE Source/Transmitter/bcd_to_binary_converter/bcd_binary_converter_10.bdf
set_global_assignment -name BDF_FILE Source/Transmitter/Register/bcd_20bits_reg.bdf
set_global_assignment -name BDF_FILE Source/Transmitter/Register/shift_3_bcd.bdf
set_global_assignment -name BDF_FILE Source/Transmitter/input_part/input_part.bdf
set_global_assignment -name BDF_FILE Source/Transmitter/Sender/sender.bdf
set_global_assignment -name VECTOR_WAVEFORM_FILE Source/top_tb.vwf
set_global_assignment -name BDF_FILE Source/top.bdf
set_global_assignment -name BDF_FILE Source/Receiver/receiver.bdf
set_global_assignment -name BDF_FILE Source/Essential/Counter/counter_4.bdf
set_global_assignment -name BDF_FILE Source/Receiver/shift_register_4bit/shift_register_4bit.bdf
set_global_assignment -name BDF_FILE Source/Receiver/negedge_detector/negedge_detector.bdf
set_global_assignment -name BDF_FILE Source/Decipher/decipher.bdf
set_global_assignment -name BDF_FILE Source/Decipher/Counter_99/counter_99.bdf
set_global_assignment -name BDF_FILE Source/Decipher/Comparator_4bit/comparator_4bit.bdf
set_global_assignment -name VECTOR_WAVEFORM_FILE Source/Decipher/decipher_tb.vwf
set_global_assignment -name BDF_FILE Source/Decipher/DFF_8bit/dff_8bit.bdf
set_global_assignment -name VECTOR_WAVEFORM_FILE Source/Transmitter/input_part/input_part_tb.vwf
set_global_assignment -name BDF_FILE Source/Transmitter/Register/shift_3_bcd_bak.bdf
set_global_assignment -name PARTITION_NETLIST_TYPE SOURCE -section_id Top
set_global_assignment -name PARTITION_FITTER_PRESERVATION_LEVEL PLACEMENT_AND_ROUTING -section_id Top
set_global_assignment -name PARTITION_COLOR 16764057 -section_id Top
set_instance_assignment -name PARTITION_HIERARCHY root_partition -to | -section_id Top